
Microsoft Visual Studio Solution File, Format Version 11.00
# Visual Studio 2010
Project("{FAE04EC0-301F-11D3-BF4B-00C04F79EFBC}") = "Assembly-CSharp", "Assembly-CSharp.csproj", "{3DDB006D-D2C3-3EA7-C71E-EA05717DF4B3}"
EndProject
Project("{FAE04EC0-301F-11D3-BF4B-00C04F79EFBC}") = "Assembly-CSharp-Editor", "Assembly-CSharp-Editor.csproj", "{1F6659B8-055A-1B93-3CE2-243FD7478672}"
EndProject
Global
	GlobalSection(SolutionConfigurationPlatforms) = preSolution
		Debug|Any CPU = Debug|Any CPU
		Release|Any CPU = Release|Any CPU
	EndGlobalSection
	GlobalSection(ProjectConfigurationPlatforms) = postSolution
		{3DDB006D-D2C3-3EA7-C71E-EA05717DF4B3}.Debug|Any CPU.ActiveCfg = Debug|Any CPU
		{3DDB006D-D2C3-3EA7-C71E-EA05717DF4B3}.Debug|Any CPU.Build.0 = Debug|Any CPU
		{3DDB006D-D2C3-3EA7-C71E-EA05717DF4B3}.Release|Any CPU.ActiveCfg = Release|Any CPU
		{3DDB006D-D2C3-3EA7-C71E-EA05717DF4B3}.Release|Any CPU.Build.0 = Release|Any CPU
		{1F6659B8-055A-1B93-3CE2-243FD7478672}.Debug|Any CPU.ActiveCfg = Debug|Any CPU
		{1F6659B8-055A-1B93-3CE2-243FD7478672}.Debug|Any CPU.Build.0 = Debug|Any CPU
		{1F6659B8-055A-1B93-3CE2-243FD7478672}.Release|Any CPU.ActiveCfg = Release|Any CPU
		{1F6659B8-055A-1B93-3CE2-243FD7478672}.Release|Any CPU.Build.0 = Release|Any CPU
	EndGlobalSection
	GlobalSection(SolutionProperties) = preSolution
		HideSolutionNode = FALSE
	EndGlobalSection
	GlobalSection(MonoDevelopProperties) = preSolution
		StartupItem = Assembly-CSharp.csproj
	EndGlobalSection
EndGlobal
